
Microsoft Visual Studio Solution File, Format Version 12.00
# Visual Studio Version 17
VisualStudioVersion = 17.1.32210.238
MinimumVisualStudioVersion = 10.0.40219.1
Project("{9A19103F-16F7-4668-BE54-9A1E7A4F7556}") = "PasswordManager", "PasswordManager\PasswordManager.csproj", "{5375545E-73B7-439E-8A68-93C9EB6D3DF6}"
EndProject
Project("{9A19103F-16F7-4668-BE54-9A1E7A4F7556}") = "PasswordEncryption", "PasswordEncryption\PasswordEncryption.csproj", "{C4AEBB04-66BE-4F25-8F68-AB907313C59A}"
EndProject
Project("{9A19103F-16F7-4668-BE54-9A1E7A4F7556}") = "EmailingService", "EmailingService\EmailingService.csproj", "{270B5315-C689-458A-BFE8-F1424C62658F}"
EndProject
Project("{9A19103F-16F7-4668-BE54-9A1E7A4F7556}") = "Data", "Data\Data.csproj", "{2C6A112B-9361-498B-B04D-D8029DED52B8}"
EndProject
Project("{9A19103F-16F7-4668-BE54-9A1E7A4F7556}") = "AuthenticationService", "AuthenticationService\AuthenticationService.csproj", "{11952723-76D2-4201-B773-F0996D16FBAD}"
EndProject
Project("{9A19103F-16F7-4668-BE54-9A1E7A4F7556}") = "UnitTests", "UnitTests\UnitTests.csproj", "{A913256E-E861-4D7C-AECB-99822AAD341C}"
EndProject
Project("{FAE04EC0-301F-11D3-BF4B-00C04F79EFBC}") = "PDFService", "PDFService\PDFService.csproj", "{89B00296-989C-4F5A-B1E8-18AEF0CB6213}"
EndProject
Global
	GlobalSection(SolutionConfigurationPlatforms) = preSolution
		Debug|Any CPU = Debug|Any CPU
		Release|Any CPU = Release|Any CPU
	EndGlobalSection
	GlobalSection(ProjectConfigurationPlatforms) = postSolution
		{5375545E-73B7-439E-8A68-93C9EB6D3DF6}.Debug|Any CPU.ActiveCfg = Debug|Any CPU
		{5375545E-73B7-439E-8A68-93C9EB6D3DF6}.Debug|Any CPU.Build.0 = Debug|Any CPU
		{5375545E-73B7-439E-8A68-93C9EB6D3DF6}.Release|Any CPU.ActiveCfg = Release|Any CPU
		{5375545E-73B7-439E-8A68-93C9EB6D3DF6}.Release|Any CPU.Build.0 = Release|Any CPU
		{C4AEBB04-66BE-4F25-8F68-AB907313C59A}.Debug|Any CPU.ActiveCfg = Debug|Any CPU
		{C4AEBB04-66BE-4F25-8F68-AB907313C59A}.Debug|Any CPU.Build.0 = Debug|Any CPU
		{C4AEBB04-66BE-4F25-8F68-AB907313C59A}.Release|Any CPU.ActiveCfg = Release|Any CPU
		{C4AEBB04-66BE-4F25-8F68-AB907313C59A}.Release|Any CPU.Build.0 = Release|Any CPU
		{270B5315-C689-458A-BFE8-F1424C62658F}.Debug|Any CPU.ActiveCfg = Debug|Any CPU
		{270B5315-C689-458A-BFE8-F1424C62658F}.Debug|Any CPU.Build.0 = Debug|Any CPU
		{270B5315-C689-458A-BFE8-F1424C62658F}.Release|Any CPU.ActiveCfg = Release|Any CPU
		{270B5315-C689-458A-BFE8-F1424C62658F}.Release|Any CPU.Build.0 = Release|Any CPU
		{2C6A112B-9361-498B-B04D-D8029DED52B8}.Debug|Any CPU.ActiveCfg = Debug|Any CPU
		{2C6A112B-9361-498B-B04D-D8029DED52B8}.Debug|Any CPU.Build.0 = Debug|Any CPU
		{2C6A112B-9361-498B-B04D-D8029DED52B8}.Release|Any CPU.ActiveCfg = Release|Any CPU
		{2C6A112B-9361-498B-B04D-D8029DED52B8}.Release|Any CPU.Build.0 = Release|Any CPU
		{11952723-76D2-4201-B773-F0996D16FBAD}.Debug|Any CPU.ActiveCfg = Debug|Any CPU
		{11952723-76D2-4201-B773-F0996D16FBAD}.Debug|Any CPU.Build.0 = Debug|Any CPU
		{11952723-76D2-4201-B773-F0996D16FBAD}.Release|Any CPU.ActiveCfg = Release|Any CPU
		{11952723-76D2-4201-B773-F0996D16FBAD}.Release|Any CPU.Build.0 = Release|Any CPU
		{A913256E-E861-4D7C-AECB-99822AAD341C}.Debug|Any CPU.ActiveCfg = Debug|Any CPU
		{A913256E-E861-4D7C-AECB-99822AAD341C}.Debug|Any CPU.Build.0 = Debug|Any CPU
		{A913256E-E861-4D7C-AECB-99822AAD341C}.Release|Any CPU.ActiveCfg = Release|Any CPU
		{A913256E-E861-4D7C-AECB-99822AAD341C}.Release|Any CPU.Build.0 = Release|Any CPU
		{89B00296-989C-4F5A-B1E8-18AEF0CB6213}.Debug|Any CPU.ActiveCfg = Debug|Any CPU
		{89B00296-989C-4F5A-B1E8-18AEF0CB6213}.Debug|Any CPU.Build.0 = Debug|Any CPU
		{89B00296-989C-4F5A-B1E8-18AEF0CB6213}.Release|Any CPU.ActiveCfg = Release|Any CPU
		{89B00296-989C-4F5A-B1E8-18AEF0CB6213}.Release|Any CPU.Build.0 = Release|Any CPU
	EndGlobalSection
	GlobalSection(SolutionProperties) = preSolution
		HideSolutionNode = FALSE
	EndGlobalSection
	GlobalSection(ExtensibilityGlobals) = postSolution
		SolutionGuid = {FAD8194D-B4F7-4FA2-B9D7-EE5E699807B0}
	EndGlobalSection
EndGlobal
