
Microsoft Visual Studio Solution File, Format Version 12.00
# Visual Studio Version 17
VisualStudioVersion = 17.1.32210.238
MinimumVisualStudioVersion = 10.0.40219.1
Project("{9A19103F-16F7-4668-BE54-9A1E7A4F7556}") = "PasswordManager", "PasswordManager\PasswordManager.csproj", "{5375545E-73B7-439E-8A68-93C9EB6D3DF6}"
EndProject
Project("{FAE04EC0-301F-11D3-BF4B-00C04F79EFBC}") = "DataAccess", "DataAccess\DataAccess.csproj", "{58F69C1C-9799-4AC0-856C-DF412E86BBCF}"
EndProject
Project("{FAE04EC0-301F-11D3-BF4B-00C04F79EFBC}") = "PasswordEncryption", "PasswordEncryption\PasswordEncryption.csproj", "{C4AEBB04-66BE-4F25-8F68-AB907313C59A}"
EndProject
Global
	GlobalSection(SolutionConfigurationPlatforms) = preSolution
		Debug|Any CPU = Debug|Any CPU
		Release|Any CPU = Release|Any CPU
	EndGlobalSection
	GlobalSection(ProjectConfigurationPlatforms) = postSolution
		{5375545E-73B7-439E-8A68-93C9EB6D3DF6}.Debug|Any CPU.ActiveCfg = Debug|Any CPU
		{5375545E-73B7-439E-8A68-93C9EB6D3DF6}.Debug|Any CPU.Build.0 = Debug|Any CPU
		{5375545E-73B7-439E-8A68-93C9EB6D3DF6}.Release|Any CPU.ActiveCfg = Release|Any CPU
		{5375545E-73B7-439E-8A68-93C9EB6D3DF6}.Release|Any CPU.Build.0 = Release|Any CPU
		{58F69C1C-9799-4AC0-856C-DF412E86BBCF}.Debug|Any CPU.ActiveCfg = Debug|Any CPU
		{58F69C1C-9799-4AC0-856C-DF412E86BBCF}.Debug|Any CPU.Build.0 = Debug|Any CPU
		{58F69C1C-9799-4AC0-856C-DF412E86BBCF}.Release|Any CPU.ActiveCfg = Release|Any CPU
		{58F69C1C-9799-4AC0-856C-DF412E86BBCF}.Release|Any CPU.Build.0 = Release|Any CPU
		{C4AEBB04-66BE-4F25-8F68-AB907313C59A}.Debug|Any CPU.ActiveCfg = Debug|Any CPU
		{C4AEBB04-66BE-4F25-8F68-AB907313C59A}.Debug|Any CPU.Build.0 = Debug|Any CPU
		{C4AEBB04-66BE-4F25-8F68-AB907313C59A}.Release|Any CPU.ActiveCfg = Release|Any CPU
		{C4AEBB04-66BE-4F25-8F68-AB907313C59A}.Release|Any CPU.Build.0 = Release|Any CPU
	EndGlobalSection
	GlobalSection(SolutionProperties) = preSolution
		HideSolutionNode = FALSE
	EndGlobalSection
	GlobalSection(ExtensibilityGlobals) = postSolution
		SolutionGuid = {FAD8194D-B4F7-4FA2-B9D7-EE5E699807B0}
	EndGlobalSection
EndGlobal
